
Microsoft Visual Studio Solution File, Format Version 12.00
# Visual Studio Version 17
VisualStudioVersion = 17.1.32228.430
MinimumVisualStudioVersion = 10.0.40219.1
Project("{FAE04EC0-301F-11D3-BF4B-00C04F79EFBC}") = "VehicleAPI", "VehicleAPI\VehicleAPI.csproj", "{DBC5042C-E1CE-4789-8818-A430C4A379A7}"
EndProject
Global
	GlobalSection(SolutionConfigurationPlatforms) = preSolution
		Debug|Any CPU = Debug|Any CPU
		Release|Any CPU = Release|Any CPU
	EndGlobalSection
	GlobalSection(ProjectConfigurationPlatforms) = postSolution
		{DBC5042C-E1CE-4789-8818-A430C4A379A7}.Debug|Any CPU.ActiveCfg = Debug|Any CPU
		{DBC5042C-E1CE-4789-8818-A430C4A379A7}.Debug|Any CPU.Build.0 = Debug|Any CPU
		{DBC5042C-E1CE-4789-8818-A430C4A379A7}.Release|Any CPU.ActiveCfg = Release|Any CPU
		{DBC5042C-E1CE-4789-8818-A430C4A379A7}.Release|Any CPU.Build.0 = Release|Any CPU
	EndGlobalSection
	GlobalSection(SolutionProperties) = preSolution
		HideSolutionNode = FALSE
	EndGlobalSection
	GlobalSection(ExtensibilityGlobals) = postSolution
		SolutionGuid = {BC322FD0-018F-44DC-A2C2-08CCDB7C3A42}
	EndGlobalSection
EndGlobal
